// !$*UTF8*$!
{
	archiveVersion = 1;
	classes = {
	};
	objectVersion = 55;
	objects = {

/* Begin PBXBuildFile section */
		9FE7D0F8291B7B7A000686C6 /* YuusMusicApp.swift in Sources */ = {isa = PBXBuildFile; fileRef = 9FE7D0F7291B7B7A000686C6 /* YuusMusicApp.swift */; };
		9FE7D0FA291B7B7A000686C6 /* ContentView.swift in Sources */ = {isa = PBXBuildFile; fileRef = 9FE7D0F9291B7B7A000686C6 /* ContentView.swift */; };
		9FE7D0FC291B7B7B000686C6 /* Assets.xcassets in Resources */ = {isa = PBXBuildFile; fileRef = 9FE7D0FB291B7B7B000686C6 /* Assets.xcassets */; };
		9FE7D0FF291B7B7B000686C6 /* Preview Assets.xcassets in Resources */ = {isa = PBXBuildFile; fileRef = 9FE7D0FE291B7B7B000686C6 /* Preview Assets.xcassets */; };
		9FE7D109291B7B7B000686C6 /* YuusMusicTests.swift in Sources */ = {isa = PBXBuildFile; fileRef = 9FE7D108291B7B7B000686C6 /* YuusMusicTests.swift */; };
		9FE7D113291B7B7B000686C6 /* YuusMusicUITests.swift in Sources */ = {isa = PBXBuildFile; fileRef = 9FE7D112291B7B7B000686C6 /* YuusMusicUITests.swift */; };
		9FE7D115291B7B7B000686C6 /* YuusMusicUITestsLaunchTests.swift in Sources */ = {isa = PBXBuildFile; fileRef = 9FE7D114291B7B7B000686C6 /* YuusMusicUITestsLaunchTests.swift */; };
/* End PBXBuildFile section */

/* Begin PBXContainerItemProxy section */
		9FE7D105291B7B7B000686C6 /* PBXContainerItemProxy */ = {
			isa = PBXContainerItemProxy;
			containerPortal = 9FE7D0EC291B7B7A000686C6 /* Project object */;
			proxyType = 1;
			remoteGlobalIDString = 9FE7D0F3291B7B7A000686C6;
			remoteInfo = YuusMusic;
		};
		9FE7D10F291B7B7B000686C6 /* PBXContainerItemProxy */ = {
			isa = PBXContainerItemProxy;
			containerPortal = 9FE7D0EC291B7B7A000686C6 /* Project object */;
			proxyType = 1;
			remoteGlobalIDString = 9FE7D0F3291B7B7A000686C6;
			remoteInfo = YuusMusic;
		};
/* End PBXContainerItemProxy section */

/* Begin PBXFileReference section */
		9FE7D0F4291B7B7A000686C6 /* YuusMusic.app */ = {isa = PBXFileReference; explicitFileType = wrapper.application; includeInIndex = 0; path = YuusMusic.app; sourceTree = BUILT_PRODUCTS_DIR; };
		9FE7D0F7291B7B7A000686C6 /* YuusMusicApp.swift */ = {isa = PBXFileReference; lastKnownFileType = sourcecode.swift; path = YuusMusicApp.swift; sourceTree = "<group>"; };
		9FE7D0F9291B7B7A000686C6 /* ContentView.swift */ = {isa = PBXFileReference; lastKnownFileType = sourcecode.swift; path = ContentView.swift; sourceTree = "<group>"; };
		9FE7D0FB291B7B7B000686C6 /* Assets.xcassets */ = {isa = PBXFileReference; lastKnownFileType = folder.assetcatalog; path = Assets.xcassets; sourceTree = "<group>"; };
		9FE7D0FE291B7B7B000686C6 /* Preview Assets.xcassets */ = {isa = PBXFileReference; lastKnownFileType = folder.assetcatalog; path = "Preview Assets.xcassets"; sourceTree = "<group>"; };
		9FE7D104291B7B7B000686C6 /* YuusMusicTests.xctest */ = {isa = PBXFileReference; explicitFileType = wrapper.cfbundle; includeInIndex = 0; path = YuusMusicTests.xctest; sourceTree = BUILT_PRODUCTS_DIR; };
		9FE7D108291B7B7B000686C6 /* YuusMusicTests.swift */ = {isa = PBXFileReference; lastKnownFileType = sourcecode.swift; path = YuusMusicTests.swift; sourceTree = "<group>"; };
		9FE7D10E291B7B7B000686C6 /* YuusMusicUITests.xctest */ = {isa = PBXFileReference; explicitFileType = wrapper.cfbundle; includeInIndex = 0; path = YuusMusicUITests.xctest; sourceTree = BUILT_PRODUCTS_DIR; };
		9FE7D112291B7B7B000686C6 /* YuusMusicUITests.swift */ = {isa = PBXFileReference; lastKnownFileType = sourcecode.swift; path = YuusMusicUITests.swift; sourceTree = "<group>"; };
		9FE7D114291B7B7B000686C6 /* YuusMusicUITestsLaunchTests.swift */ = {isa = PBXFileReference; lastKnownFileType = sourcecode.swift; path = YuusMusicUITestsLaunchTests.swift; sourceTree = "<group>"; };
/* End PBXFileReference section */

/* Begin PBXFrameworksBuildPhase section */
		9FE7D0F1291B7B7A000686C6 /* Frameworks */ = {
			isa = PBXFrameworksBuildPhase;
			buildActionMask = 2147483647;
			files = (
			);
			runOnlyForDeploymentPostprocessing = 0;
		};
		9FE7D101291B7B7B000686C6 /* Frameworks */ = {
			isa = PBXFrameworksBuildPhase;
			buildActionMask = 2147483647;
			files = (
			);
			runOnlyForDeploymentPostprocessing = 0;
		};
		9FE7D10B291B7B7B000686C6 /* Frameworks */ = {
			isa = PBXFrameworksBuildPhase;
			buildActionMask = 2147483647;
			files = (
			);
			runOnlyForDeploymentPostprocessing = 0;
		};
/* End PBXFrameworksBuildPhase section */

/* Begin PBXGroup section */
		9FE7D0EB291B7B7A000686C6 = {
			isa = PBXGroup;
			children = (
				9FE7D0F6291B7B7A000686C6 /* YuusMusic */,
				9FE7D107291B7B7B000686C6 /* YuusMusicTests */,
				9FE7D111291B7B7B000686C6 /* YuusMusicUITests */,
				9FE7D0F5291B7B7A000686C6 /* Products */,
			);
			sourceTree = "<group>";
		};
		9FE7D0F5291B7B7A000686C6 /* Products */ = {
			isa = PBXGroup;
			children = (
				9FE7D0F4291B7B7A000686C6 /* YuusMusic.app */,
				9FE7D104291B7B7B000686C6 /* YuusMusicTests.xctest */,
				9FE7D10E291B7B7B000686C6 /* YuusMusicUITests.xctest */,
			);
			name = Products;
			sourceTree = "<group>";
		};
		9FE7D0F6291B7B7A000686C6 /* YuusMusic */ = {
			isa = PBXGroup;
			children = (
				9FE7D0F7291B7B7A000686C6 /* YuusMusicApp.swift */,
				9FE7D0F9291B7B7A000686C6 /* ContentView.swift */,
				9FE7D0FB291B7B7B000686C6 /* Assets.xcassets */,
				9FE7D0FD291B7B7B000686C6 /* Preview Content */,
			);
			path = YuusMusic;
			sourceTree = "<group>";
		};
		9FE7D0FD291B7B7B000686C6 /* Preview Content */ = {
			isa = PBXGroup;
			children = (
				9FE7D0FE291B7B7B000686C6 /* Preview Assets.xcassets */,
			);
			path = "Preview Content";
			sourceTree = "<group>";
		};
		9FE7D107291B7B7B000686C6 /* YuusMusicTests */ = {
			isa = PBXGroup;
			children = (
				9FE7D108291B7B7B000686C6 /* YuusMusicTests.swift */,
			);
			path = YuusMusicTests;
			sourceTree = "<group>";
		};
		9FE7D111291B7B7B000686C6 /* YuusMusicUITests */ = {
			isa = PBXGroup;
			children = (
				9FE7D112291B7B7B000686C6 /* YuusMusicUITests.swift */,
				9FE7D114291B7B7B000686C6 /* YuusMusicUITestsLaunchTests.swift */,
			);
			path = YuusMusicUITests;
			sourceTree = "<group>";
		};
/* End PBXGroup section */

/* Begin PBXNativeTarget section */
		9FE7D0F3291B7B7A000686C6 /* YuusMusic */ = {
			isa = PBXNativeTarget;
			buildConfigurationList = 9FE7D118291B7B7B000686C6 /* Build configuration list for PBXNativeTarget "YuusMusic" */;
			buildPhases = (
				9FE7D0F0291B7B7A000686C6 /* Sources */,
				9FE7D0F1291B7B7A000686C6 /* Frameworks */,
				9FE7D0F2291B7B7A000686C6 /* Resources */,
			);
			buildRules = (
			);
			dependencies = (
			);
			name = YuusMusic;
			productName = YuusMusic;
			productReference = 9FE7D0F4291B7B7A000686C6 /* YuusMusic.app */;
			productType = "com.apple.product-type.application";
		};
		9FE7D103291B7B7B000686C6 /* YuusMusicTests */ = {
			isa = PBXNativeTarget;
			buildConfigurationList = 9FE7D11B291B7B7B000686C6 /* Build configuration list for PBXNativeTarget "YuusMusicTests" */;
			buildPhases = (
				9FE7D100291B7B7B000686C6 /* Sources */,
				9FE7D101291B7B7B000686C6 /* Frameworks */,
				9FE7D102291B7B7B000686C6 /* Resources */,
			);
			buildRules = (
			);
			dependencies = (
				9FE7D106291B7B7B000686C6 /* PBXTargetDependency */,
			);
			name = YuusMusicTests;
			productName = YuusMusicTests;
			productReference = 9FE7D104291B7B7B000686C6 /* YuusMusicTests.xctest */;
			productType = "com.apple.product-type.bundle.unit-test";
		};
		9FE7D10D291B7B7B000686C6 /* YuusMusicUITests */ = {
			isa = PBXNativeTarget;
			buildConfigurationList = 9FE7D11E291B7B7B000686C6 /* Build configuration list for PBXNativeTarget "YuusMusicUITests" */;
			buildPhases = (
				9FE7D10A291B7B7B000686C6 /* Sources */,
				9FE7D10B291B7B7B000686C6 /* Frameworks */,
				9FE7D10C291B7B7B000686C6 /* Resources */,
			);
			buildRules = (
			);
			dependencies = (
				9FE7D110291B7B7B000686C6 /* PBXTargetDependency */,
			);
			name = YuusMusicUITests;
			productName = YuusMusicUITests;
			productReference = 9FE7D10E291B7B7B000686C6 /* YuusMusicUITests.xctest */;
			productType = "com.apple.product-type.bundle.ui-testing";
		};
/* End PBXNativeTarget section */

/* Begin PBXProject section */
		9FE7D0EC291B7B7A000686C6 /* Project object */ = {
			isa = PBXProject;
			attributes = {
				BuildIndependentTargetsInParallel = 1;
				LastSwiftUpdateCheck = 1340;
				LastUpgradeCheck = 1340;
				TargetAttributes = {
					9FE7D0F3291B7B7A000686C6 = {
						CreatedOnToolsVersion = 13.4.1;
					};
					9FE7D103291B7B7B000686C6 = {
						CreatedOnToolsVersion = 13.4.1;
						TestTargetID = 9FE7D0F3291B7B7A000686C6;
					};
					9FE7D10D291B7B7B000686C6 = {
						CreatedOnToolsVersion = 13.4.1;
						TestTargetID = 9FE7D0F3291B7B7A000686C6;
					};
				};
			};
			buildConfigurationList = 9FE7D0EF291B7B7A000686C6 /* Build configuration list for PBXProject "YuusMusic" */;
			compatibilityVersion = "Xcode 13.0";
			developmentRegion = en;
			hasScannedForEncodings = 0;
			knownRegions = (
				en,
				Base,
			);
			mainGroup = 9FE7D0EB291B7B7A000686C6;
			productRefGroup = 9FE7D0F5291B7B7A000686C6 /* Products */;
			projectDirPath = "";
			projectRoot = "";
			targets = (
				9FE7D0F3291B7B7A000686C6 /* YuusMusic */,
				9FE7D103291B7B7B000686C6 /* YuusMusicTests */,
				9FE7D10D291B7B7B000686C6 /* YuusMusicUITests */,
			);
		};
/* End PBXProject section */

/* Begin PBXResourcesBuildPhase section */
		9FE7D0F2291B7B7A000686C6 /* Resources */ = {
			isa = PBXResourcesBuildPhase;
			buildActionMask = 2147483647;
			files = (
				9FE7D0FF291B7B7B000686C6 /* Preview Assets.xcassets in Resources */,
				9FE7D0FC291B7B7B000686C6 /* Assets.xcassets in Resources */,
			);
			runOnlyForDeploymentPostprocessing = 0;
		};
		9FE7D102291B7B7B000686C6 /* Resources */ = {
			isa = PBXResourcesBuildPhase;
			buildActionMask = 2147483647;
			files = (
			);
			runOnlyForDeploymentPostprocessing = 0;
		};
		9FE7D10C291B7B7B000686C6 /* Resources */ = {
			isa = PBXResourcesBuildPhase;
			buildActionMask = 2147483647;
			files = (
			);
			runOnlyForDeploymentPostprocessing = 0;
		};
/* End PBXResourcesBuildPhase section */

/* Begin PBXSourcesBuildPhase section */
		9FE7D0F0291B7B7A000686C6 /* Sources */ = {
			isa = PBXSourcesBuildPhase;
			buildActionMask = 2147483647;
			files = (
				9FE7D0FA291B7B7A000686C6 /* ContentView.swift in Sources */,
				9FE7D0F8291B7B7A000686C6 /* YuusMusicApp.swift in Sources */,
			);
			runOnlyForDeploymentPostprocessing = 0;
		};
		9FE7D100291B7B7B000686C6 /* Sources */ = {
			isa = PBXSourcesBuildPhase;
			buildActionMask = 2147483647;
			files = (
				9FE7D109291B7B7B000686C6 /* YuusMusicTests.swift in Sources */,
			);
			runOnlyForDeploymentPostprocessing = 0;
		};
		9FE7D10A291B7B7B000686C6 /* Sources */ = {
			isa = PBXSourcesBuildPhase;
			buildActionMask = 2147483647;
			files = (
				9FE7D115291B7B7B000686C6 /* YuusMusicUITestsLaunchTests.swift in Sources */,
				9FE7D113291B7B7B000686C6 /* YuusMusicUITests.swift in Sources */,
			);
			runOnlyForDeploymentPostprocessing = 0;
		};
/* End PBXSourcesBuildPhase section */

/* Begin PBXTargetDependency section */
		9FE7D106291B7B7B000686C6 /* PBXTargetDependency */ = {
			isa = PBXTargetDependency;
			target = 9FE7D0F3291B7B7A000686C6 /* YuusMusic */;
			targetProxy = 9FE7D105291B7B7B000686C6 /* PBXContainerItemProxy */;
		};
		9FE7D110291B7B7B000686C6 /* PBXTargetDependency */ = {
			isa = PBXTargetDependency;
			target = 9FE7D0F3291B7B7A000686C6 /* YuusMusic */;
			targetProxy = 9FE7D10F291B7B7B000686C6 /* PBXContainerItemProxy */;
		};
/* End PBXTargetDependency section */

/* Begin XCBuildConfiguration section */
		9FE7D116291B7B7B000686C6 /* Debug */ = {
			isa = XCBuildConfiguration;
			buildSettings = {
				ALWAYS_SEARCH_USER_PATHS = NO;
				CLANG_ANALYZER_NONNULL = YES;
				CLANG_ANALYZER_NUMBER_OBJECT_CONVERSION = YES_AGGRESSIVE;
				CLANG_CXX_LANGUAGE_STANDARD = "gnu++17";
				CLANG_ENABLE_MODULES = YES;
				CLANG_ENABLE_OBJC_ARC = YES;
				CLANG_ENABLE_OBJC_WEAK = YES;
				CLANG_WARN_BLOCK_CAPTURE_AUTORELEASING = YES;
				CLANG_WARN_BOOL_CONVERSION = YES;
				CLANG_WARN_COMMA = YES;
				CLANG_WARN_CONSTANT_CONVERSION = YES;
				CLANG_WARN_DEPRECATED_OBJC_IMPLEMENTATIONS = YES;
				CLANG_WARN_DIRECT_OBJC_ISA_USAGE = YES_ERROR;
				CLANG_WARN_DOCUMENTATION_COMMENTS = YES;
				CLANG_WARN_EMPTY_BODY = YES;
				CLANG_WARN_ENUM_CONVERSION = YES;
				CLANG_WARN_INFINITE_RECURSION = YES;
				CLANG_WARN_INT_CONVERSION = YES;
				CLANG_WARN_NON_LITERAL_NULL_CONVERSION = YES;
				CLANG_WARN_OBJC_IMPLICIT_RETAIN_SELF = YES;
				CLANG_WARN_OBJC_LITERAL_CONVERSION = YES;
				CLANG_WARN_OBJC_ROOT_CLASS = YES_ERROR;
				CLANG_WARN_QUOTED_INCLUDE_IN_FRAMEWORK_HEADER = YES;
				CLANG_WARN_RANGE_LOOP_ANALYSIS = YES;
				CLANG_WARN_STRICT_PROTOTYPES = YES;
				CLANG_WARN_SUSPICIOUS_MOVE = YES;
				CLANG_WARN_UNGUARDED_AVAILABILITY = YES_AGGRESSIVE;
				CLANG_WARN_UNREACHABLE_CODE = YES;
				CLANG_WARN__DUPLICATE_METHOD_MATCH = YES;
				COPY_PHASE_STRIP = NO;
				DEBUG_INFORMATION_FORMAT = dwarf;
				ENABLE_STRICT_OBJC_MSGSEND = YES;
				ENABLE_TESTABILITY = YES;
				GCC_C_LANGUAGE_STANDARD = gnu11;
				GCC_DYNAMIC_NO_PIC = NO;
				GCC_NO_COMMON_BLOCKS = YES;
				GCC_OPTIMIZATION_LEVEL = 0;
				GCC_PREPROCESSOR_DEFINITIONS = (
					"DEBUG=1",
					"$(inherited)",
				);
				GCC_WARN_64_TO_32_BIT_CONVERSION = YES;
				GCC_WARN_ABOUT_RETURN_TYPE = YES_ERROR;
				GCC_WARN_UNDECLARED_SELECTOR = YES;
				GCC_WARN_UNINITIALIZED_AUTOS = YES_AGGRESSIVE;
				GCC_WARN_UNUSED_FUNCTION = YES;
				GCC_WARN_UNUSED_VARIABLE = YES;
				IPHONEOS_DEPLOYMENT_TARGET = 15.5;
				MTL_ENABLE_DEBUG_INFO = INCLUDE_SOURCE;
				MTL_FAST_MATH = YES;
				ONLY_ACTIVE_ARCH = YES;
				SDKROOT = iphoneos;
				SWIFT_ACTIVE_COMPILATION_CONDITIONS = DEBUG;
				SWIFT_OPTIMIZATION_LEVEL = "-Onone";
			};
			name = Debug;
		};
		9FE7D117291B7B7B000686C6 /* Release */ = {
			isa = XCBuildConfiguration;
			buildSettings = {
				ALWAYS_SEARCH_USER_PATHS = NO;
				CLANG_ANALYZER_NONNULL = YES;
				CLANG_ANALYZER_NUMBER_OBJECT_CONVERSION = YES_AGGRESSIVE;
				CLANG_CXX_LANGUAGE_STANDARD = "gnu++17";
				CLANG_ENABLE_MODULES = YES;
				CLANG_ENABLE_OBJC_ARC = YES;
				CLANG_ENABLE_OBJC_WEAK = YES;
				CLANG_WARN_BLOCK_CAPTURE_AUTORELEASING = YES;
				CLANG_WARN_BOOL_CONVERSION = YES;
				CLANG_WARN_COMMA = YES;
				CLANG_WARN_CONSTANT_CONVERSION = YES;
				CLANG_WARN_DEPRECATED_OBJC_IMPLEMENTATIONS = YES;
				CLANG_WARN_DIRECT_OBJC_ISA_USAGE = YES_ERROR;
				CLANG_WARN_DOCUMENTATION_COMMENTS = YES;
				CLANG_WARN_EMPTY_BODY = YES;
				CLANG_WARN_ENUM_CONVERSION = YES;
				CLANG_WARN_INFINITE_RECURSION = YES;
				CLANG_WARN_INT_CONVERSION = YES;
				CLANG_WARN_NON_LITERAL_NULL_CONVERSION = YES;
				CLANG_WARN_OBJC_IMPLICIT_RETAIN_SELF = YES;
				CLANG_WARN_OBJC_LITERAL_CONVERSION = YES;
				CLANG_WARN_OBJC_ROOT_CLASS = YES_ERROR;
				CLANG_WARN_QUOTED_INCLUDE_IN_FRAMEWORK_HEADER = YES;
				CLANG_WARN_RANGE_LOOP_ANALYSIS = YES;
				CLANG_WARN_STRICT_PROTOTYPES = YES;
				CLANG_WARN_SUSPICIOUS_MOVE = YES;
				CLANG_WARN_UNGUARDED_AVAILABILITY = YES_AGGRESSIVE;
				CLANG_WARN_UNREACHABLE_CODE = YES;
				CLANG_WARN__DUPLICATE_METHOD_MATCH = YES;
				COPY_PHASE_STRIP = NO;
				DEBUG_INFORMATION_FORMAT = "dwarf-with-dsym";
				ENABLE_NS_ASSERTIONS = NO;
				ENABLE_STRICT_OBJC_MSGSEND = YES;
				GCC_C_LANGUAGE_STANDARD = gnu11;
				GCC_NO_COMMON_BLOCKS = YES;
				GCC_WARN_64_TO_32_BIT_CONVERSION = YES;
				GCC_WARN_ABOUT_RETURN_TYPE = YES_ERROR;
				GCC_WARN_UNDECLARED_SELECTOR = YES;
				GCC_WARN_UNINITIALIZED_AUTOS = YES_AGGRESSIVE;
				GCC_WARN_UNUSED_FUNCTION = YES;
				GCC_WARN_UNUSED_VARIABLE = YES;
				IPHONEOS_DEPLOYMENT_TARGET = 15.5;
				MTL_ENABLE_DEBUG_INFO = NO;
				MTL_FAST_MATH = YES;
				SDKROOT = iphoneos;
				SWIFT_COMPILATION_MODE = wholemodule;
				SWIFT_OPTIMIZATION_LEVEL = "-O";
				VALIDATE_PRODUCT = YES;
			};
			name = Release;
		};
		9FE7D119291B7B7B000686C6 /* Debug */ = {
			isa = XCBuildConfiguration;
			buildSettings = {
				ASSETCATALOG_COMPILER_APPICON_NAME = AppIcon;
				ASSETCATALOG_COMPILER_GLOBAL_ACCENT_COLOR_NAME = AccentColor;
				CODE_SIGN_STYLE = Automatic;
				CURRENT_PROJECT_VERSION = 1;
				DEVELOPMENT_ASSET_PATHS = "\"YuusMusic/Preview Content\"";
				ENABLE_PREVIEWS = YES;
				GENERATE_INFOPLIST_FILE = YES;
				INFOPLIST_KEY_UIApplicationSceneManifest_Generation = YES;
				INFOPLIST_KEY_UIApplicationSupportsIndirectInputEvents = YES;
				INFOPLIST_KEY_UILaunchScreen_Generation = YES;
				INFOPLIST_KEY_UISupportedInterfaceOrientations_iPad = "UIInterfaceOrientationPortrait UIInterfaceOrientationPortraitUpsideDown UIInterfaceOrientationLandscapeLeft UIInterfaceOrientationLandscapeRight";
				INFOPLIST_KEY_UISupportedInterfaceOrientations_iPhone = "UIInterfaceOrientationPortrait UIInterfaceOrientationLandscapeLeft UIInterfaceOrientationLandscapeRight";
				LD_RUNPATH_SEARCH_PATHS = (
					"$(inherited)",
					"@executable_path/Frameworks",
				);
				MARKETING_VERSION = 1.0;
				PRODUCT_BUNDLE_IDENTIFIER = "Yuus-Swift-Biginners.YuusMusic";
				PRODUCT_NAME = "$(TARGET_NAME)";
				SWIFT_EMIT_LOC_STRINGS = YES;
				SWIFT_VERSION = 5.0;
				TARGETED_DEVICE_FAMILY = "1,2";
			};
			name = Debug;
		};
		9FE7D11A291B7B7B000686C6 /* Release */ = {
			isa = XCBuildConfiguration;
			buildSettings = {
				ASSETCATALOG_COMPILER_APPICON_NAME = AppIcon;
				ASSETCATALOG_COMPILER_GLOBAL_ACCENT_COLOR_NAME = AccentColor;
				CODE_SIGN_STYLE = Automatic;
				CURRENT_PROJECT_VERSION = 1;
				DEVELOPMENT_ASSET_PATHS = "\"YuusMusic/Preview Content\"";
				ENABLE_PREVIEWS = YES;
				GENERATE_INFOPLIST_FILE = YES;
				INFOPLIST_KEY_UIApplicationSceneManifest_Generation = YES;
				INFOPLIST_KEY_UIApplicationSupportsIndirectInputEvents = YES;
				INFOPLIST_KEY_UILaunchScreen_Generation = YES;
				INFOPLIST_KEY_UISupportedInterfaceOrientations_iPad = "UIInterfaceOrientationPortrait UIInterfaceOrientationPortraitUpsideDown UIInterfaceOrientationLandscapeLeft UIInterfaceOrientationLandscapeRight";
				INFOPLIST_KEY_UISupportedInterfaceOrientations_iPhone = "UIInterfaceOrientationPortrait UIInterfaceOrientationLandscapeLeft UIInterfaceOrientationLandscapeRight";
				LD_RUNPATH_SEARCH_PATHS = (
					"$(inherited)",
					"@executable_path/Frameworks",
				);
				MARKETING_VERSION = 1.0;
				PRODUCT_BUNDLE_IDENTIFIER = "Yuus-Swift-Biginners.YuusMusic";
				PRODUCT_NAME = "$(TARGET_NAME)";
				SWIFT_EMIT_LOC_STRINGS = YES;
				SWIFT_VERSION = 5.0;
				TARGETED_DEVICE_FAMILY = "1,2";
			};
			name = Release;
		};
		9FE7D11C291B7B7B000686C6 /* Debug */ = {
			isa = XCBuildConfiguration;
			buildSettings = {
				ALWAYS_EMBED_SWIFT_STANDARD_LIBRARIES = YES;
				BUNDLE_LOADER = "$(TEST_HOST)";
				CODE_SIGN_STYLE = Automatic;
				CURRENT_PROJECT_VERSION = 1;
				GENERATE_INFOPLIST_FILE = YES;
				IPHONEOS_DEPLOYMENT_TARGET = 15.5;
				MARKETING_VERSION = 1.0;
				PRODUCT_BUNDLE_IDENTIFIER = "Yuus-Swift-Biginners.YuusMusicTests";
				PRODUCT_NAME = "$(TARGET_NAME)";
				SWIFT_EMIT_LOC_STRINGS = NO;
				SWIFT_VERSION = 5.0;
				TARGETED_DEVICE_FAMILY = "1,2";
				TEST_HOST = "$(BUILT_PRODUCTS_DIR)/YuusMusic.app/YuusMusic";
			};
			name = Debug;
		};
		9FE7D11D291B7B7B000686C6 /* Release */ = {
			isa = XCBuildConfiguration;
			buildSettings = {
				ALWAYS_EMBED_SWIFT_STANDARD_LIBRARIES = YES;
				BUNDLE_LOADER = "$(TEST_HOST)";
				CODE_SIGN_STYLE = Automatic;
				CURRENT_PROJECT_VERSION = 1;
				GENERATE_INFOPLIST_FILE = YES;
				IPHONEOS_DEPLOYMENT_TARGET = 15.5;
				MARKETING_VERSION = 1.0;
				PRODUCT_BUNDLE_IDENTIFIER = "Yuus-Swift-Biginners.YuusMusicTests";
				PRODUCT_NAME = "$(TARGET_NAME)";
				SWIFT_EMIT_LOC_STRINGS = NO;
				SWIFT_VERSION = 5.0;
				TARGETED_DEVICE_FAMILY = "1,2";
				TEST_HOST = "$(BUILT_PRODUCTS_DIR)/YuusMusic.app/YuusMusic";
			};
			name = Release;
		};
		9FE7D11F291B7B7B000686C6 /* Debug */ = {
			isa = XCBuildConfiguration;
			buildSettings = {
				ALWAYS_EMBED_SWIFT_STANDARD_LIBRARIES = YES;
				CODE_SIGN_STYLE = Automatic;
				CURRENT_PROJECT_VERSION = 1;
				GENERATE_INFOPLIST_FILE = YES;
				MARKETING_VERSION = 1.0;
				PRODUCT_BUNDLE_IDENTIFIER = "Yuus-Swift-Biginners.YuusMusicUITests";
				PRODUCT_NAME = "$(TARGET_NAME)";
				SWIFT_EMIT_LOC_STRINGS = NO;
				SWIFT_VERSION = 5.0;
				TARGETED_DEVICE_FAMILY = "1,2";
				TEST_TARGET_NAME = YuusMusic;
			};
			name = Debug;
		};
		9FE7D120291B7B7B000686C6 /* Release */ = {
			isa = XCBuildConfiguration;
			buildSettings = {
				ALWAYS_EMBED_SWIFT_STANDARD_LIBRARIES = YES;
				CODE_SIGN_STYLE = Automatic;
				CURRENT_PROJECT_VERSION = 1;
				GENERATE_INFOPLIST_FILE = YES;
				MARKETING_VERSION = 1.0;
				PRODUCT_BUNDLE_IDENTIFIER = "Yuus-Swift-Biginners.YuusMusicUITests";
				PRODUCT_NAME = "$(TARGET_NAME)";
				SWIFT_EMIT_LOC_STRINGS = NO;
				SWIFT_VERSION = 5.0;
				TARGETED_DEVICE_FAMILY = "1,2";
				TEST_TARGET_NAME = YuusMusic;
			};
			name = Release;
		};
/* End XCBuildConfiguration section */

/* Begin XCConfigurationList section */
		9FE7D0EF291B7B7A000686C6 /* Build configuration list for PBXProject "YuusMusic" */ = {
			isa = XCConfigurationList;
			buildConfigurations = (
				9FE7D116291B7B7B000686C6 /* Debug */,
				9FE7D117291B7B7B000686C6 /* Release */,
			);
			defaultConfigurationIsVisible = 0;
			defaultConfigurationName = Release;
		};
		9FE7D118291B7B7B000686C6 /* Build configuration list for PBXNativeTarget "YuusMusic" */ = {
			isa = XCConfigurationList;
			buildConfigurations = (
				9FE7D119291B7B7B000686C6 /* Debug */,
				9FE7D11A291B7B7B000686C6 /* Release */,
			);
			defaultConfigurationIsVisible = 0;
			defaultConfigurationName = Release;
		};
		9FE7D11B291B7B7B000686C6 /* Build configuration list for PBXNativeTarget "YuusMusicTests" */ = {
			isa = XCConfigurationList;
			buildConfigurations = (
				9FE7D11C291B7B7B000686C6 /* Debug */,
				9FE7D11D291B7B7B000686C6 /* Release */,
			);
			defaultConfigurationIsVisible = 0;
			defaultConfigurationName = Release;
		};
		9FE7D11E291B7B7B000686C6 /* Build configuration list for PBXNativeTarget "YuusMusicUITests" */ = {
			isa = XCConfigurationList;
			buildConfigurations = (
				9FE7D11F291B7B7B000686C6 /* Debug */,
				9FE7D120291B7B7B000686C6 /* Release */,
			);
			defaultConfigurationIsVisible = 0;
			defaultConfigurationName = Release;
		};
/* End XCConfigurationList section */
	};
	rootObject = 9FE7D0EC291B7B7A000686C6 /* Project object */;
}
